
Microsoft Visual Studio Solution File, Format Version 12.00
# Visual Studio Version 16
VisualStudioVersion = 16.0.31205.134
MinimumVisualStudioVersion = 10.0.40219.1
Project("{FAE04EC0-301F-11D3-BF4B-00C04F79EFBC}") = "Buffering.RingBuffer", "Buffering.RingBuffer\Buffering.RingBuffer.csproj", "{FD008DCA-9B0A-4021-9940-43104E82EC02}"
EndProject
Project("{FAE04EC0-301F-11D3-BF4B-00C04F79EFBC}") = "Buffering.RingBuffer.Test", "Buffering.RingBuffer.Test\Buffering.RingBuffer.Test.csproj", "{287CBD91-2E58-420F-A11F-8BD00BA9312B}"
EndProject
Global
	GlobalSection(SolutionConfigurationPlatforms) = preSolution
		Debug|Any CPU = Debug|Any CPU
		Release|Any CPU = Release|Any CPU
	EndGlobalSection
	GlobalSection(ProjectConfigurationPlatforms) = postSolution
		{FD008DCA-9B0A-4021-9940-43104E82EC02}.Debug|Any CPU.ActiveCfg = Debug|Any CPU
		{FD008DCA-9B0A-4021-9940-43104E82EC02}.Debug|Any CPU.Build.0 = Debug|Any CPU
		{FD008DCA-9B0A-4021-9940-43104E82EC02}.Release|Any CPU.ActiveCfg = Release|Any CPU
		{FD008DCA-9B0A-4021-9940-43104E82EC02}.Release|Any CPU.Build.0 = Release|Any CPU
		{287CBD91-2E58-420F-A11F-8BD00BA9312B}.Debug|Any CPU.ActiveCfg = Debug|Any CPU
		{287CBD91-2E58-420F-A11F-8BD00BA9312B}.Debug|Any CPU.Build.0 = Debug|Any CPU
		{287CBD91-2E58-420F-A11F-8BD00BA9312B}.Release|Any CPU.ActiveCfg = Release|Any CPU
		{287CBD91-2E58-420F-A11F-8BD00BA9312B}.Release|Any CPU.Build.0 = Release|Any CPU
	EndGlobalSection
	GlobalSection(SolutionProperties) = preSolution
		HideSolutionNode = FALSE
	EndGlobalSection
	GlobalSection(ExtensibilityGlobals) = postSolution
		SolutionGuid = {1F7CCCEF-809D-4E03-9A1C-B44C1577FBCA}
	EndGlobalSection
EndGlobal
